
Microsoft Visual Studio Solution File, Format Version 12.00
# Visual Studio Version 17
VisualStudioVersion = 17.0.32112.339
MinimumVisualStudioVersion = 10.0.40219.1
Project("{FAE04EC0-301F-11D3-BF4B-00C04F79EFBC}") = "EducationWebApplication", "EducationWebApplication\EducationWebApplication.csproj", "{F056F493-112B-4EE7-B1D8-BD8471E4F0DA}"
EndProject
Global
	GlobalSection(SolutionConfigurationPlatforms) = preSolution
		Debug|Any CPU = Debug|Any CPU
		Release|Any CPU = Release|Any CPU
	EndGlobalSection
	GlobalSection(ProjectConfigurationPlatforms) = postSolution
		{F056F493-112B-4EE7-B1D8-BD8471E4F0DA}.Debug|Any CPU.ActiveCfg = Debug|Any CPU
		{F056F493-112B-4EE7-B1D8-BD8471E4F0DA}.Debug|Any CPU.Build.0 = Debug|Any CPU
		{F056F493-112B-4EE7-B1D8-BD8471E4F0DA}.Release|Any CPU.ActiveCfg = Release|Any CPU
		{F056F493-112B-4EE7-B1D8-BD8471E4F0DA}.Release|Any CPU.Build.0 = Release|Any CPU
	EndGlobalSection
	GlobalSection(SolutionProperties) = preSolution
		HideSolutionNode = FALSE
	EndGlobalSection
	GlobalSection(ExtensibilityGlobals) = postSolution
		SolutionGuid = {D14A07A1-CC43-4188-8BE1-0C2B1D373479}
	EndGlobalSection
EndGlobal
